
Microsoft Visual Studio Solution File, Format Version 12.00
# Visual Studio Version 16
VisualStudioVersion = 16.0.30907.101
MinimumVisualStudioVersion = 10.0.40219.1
Project("{9A19103F-16F7-4668-BE54-9A1E7A4F7556}") = "CounterAssistant.API", "CounterAssistant.API\CounterAssistant.API.csproj", "{7C761997-0D86-47F1-AB75-011BDCF07A64}"
EndProject
Project("{9A19103F-16F7-4668-BE54-9A1E7A4F7556}") = "CounterAssistant.Domain", "CounterAssistant.Domain\CounterAssistant.Domain.csproj", "{4D00C4F8-F8C3-4346-976C-6C2847F73AA7}"
EndProject
Project("{9A19103F-16F7-4668-BE54-9A1E7A4F7556}") = "CounterAssistant.Bot", "CounterAssistant.Bot\CounterAssistant.Bot.csproj", "{3D45D28D-6F61-4FAF-B59C-D869D6BD9A14}"
EndProject
Project("{9A19103F-16F7-4668-BE54-9A1E7A4F7556}") = "CounterAssistant.DataAccess", "CounterAssistant.DataAccess\CounterAssistant.DataAccess.csproj", "{E1F1AE2F-E282-437D-8AD9-EDD0688D9A54}"
EndProject
Project("{FAE04EC0-301F-11D3-BF4B-00C04F79EFBC}") = "CounterAssistant.UnitTests", "CounterAssistant.UnitTests\CounterAssistant.UnitTests.csproj", "{F9AA436A-E67D-4293-A2B4-9A6ED94921BE}"
EndProject
Global
	GlobalSection(SolutionConfigurationPlatforms) = preSolution
		Debug|Any CPU = Debug|Any CPU
		Release|Any CPU = Release|Any CPU
	EndGlobalSection
	GlobalSection(ProjectConfigurationPlatforms) = postSolution
		{7C761997-0D86-47F1-AB75-011BDCF07A64}.Debug|Any CPU.ActiveCfg = Debug|Any CPU
		{7C761997-0D86-47F1-AB75-011BDCF07A64}.Debug|Any CPU.Build.0 = Debug|Any CPU
		{7C761997-0D86-47F1-AB75-011BDCF07A64}.Release|Any CPU.ActiveCfg = Release|Any CPU
		{7C761997-0D86-47F1-AB75-011BDCF07A64}.Release|Any CPU.Build.0 = Release|Any CPU
		{4D00C4F8-F8C3-4346-976C-6C2847F73AA7}.Debug|Any CPU.ActiveCfg = Debug|Any CPU
		{4D00C4F8-F8C3-4346-976C-6C2847F73AA7}.Debug|Any CPU.Build.0 = Debug|Any CPU
		{4D00C4F8-F8C3-4346-976C-6C2847F73AA7}.Release|Any CPU.ActiveCfg = Release|Any CPU
		{4D00C4F8-F8C3-4346-976C-6C2847F73AA7}.Release|Any CPU.Build.0 = Release|Any CPU
		{3D45D28D-6F61-4FAF-B59C-D869D6BD9A14}.Debug|Any CPU.ActiveCfg = Debug|Any CPU
		{3D45D28D-6F61-4FAF-B59C-D869D6BD9A14}.Debug|Any CPU.Build.0 = Debug|Any CPU
		{3D45D28D-6F61-4FAF-B59C-D869D6BD9A14}.Release|Any CPU.ActiveCfg = Release|Any CPU
		{3D45D28D-6F61-4FAF-B59C-D869D6BD9A14}.Release|Any CPU.Build.0 = Release|Any CPU
		{E1F1AE2F-E282-437D-8AD9-EDD0688D9A54}.Debug|Any CPU.ActiveCfg = Debug|Any CPU
		{E1F1AE2F-E282-437D-8AD9-EDD0688D9A54}.Debug|Any CPU.Build.0 = Debug|Any CPU
		{E1F1AE2F-E282-437D-8AD9-EDD0688D9A54}.Release|Any CPU.ActiveCfg = Release|Any CPU
		{E1F1AE2F-E282-437D-8AD9-EDD0688D9A54}.Release|Any CPU.Build.0 = Release|Any CPU
		{F9AA436A-E67D-4293-A2B4-9A6ED94921BE}.Debug|Any CPU.ActiveCfg = Debug|Any CPU
		{F9AA436A-E67D-4293-A2B4-9A6ED94921BE}.Debug|Any CPU.Build.0 = Debug|Any CPU
		{F9AA436A-E67D-4293-A2B4-9A6ED94921BE}.Release|Any CPU.ActiveCfg = Release|Any CPU
		{F9AA436A-E67D-4293-A2B4-9A6ED94921BE}.Release|Any CPU.Build.0 = Release|Any CPU
	EndGlobalSection
	GlobalSection(SolutionProperties) = preSolution
		HideSolutionNode = FALSE
	EndGlobalSection
	GlobalSection(ExtensibilityGlobals) = postSolution
		SolutionGuid = {E4C88AEC-FC02-482A-B283-7E35000DA3CE}
	EndGlobalSection
EndGlobal
